
Microsoft Visual Studio Solution File, Format Version 12.00
# Visual Studio Version 16
VisualStudioVersion = 16.0.31005.135
MinimumVisualStudioVersion = 10.0.40219.1
Project("{FAE04EC0-301F-11D3-BF4B-00C04F79EFBC}") = "CaesarCipher", "CaesarCipher\CaesarCipher.csproj", "{88830283-2E32-4ED1-A2B3-FD0AFA0635CF}"
EndProject
Global
	GlobalSection(SolutionConfigurationPlatforms) = preSolution
		Debug|Any CPU = Debug|Any CPU
		Release|Any CPU = Release|Any CPU
	EndGlobalSection
	GlobalSection(ProjectConfigurationPlatforms) = postSolution
		{88830283-2E32-4ED1-A2B3-FD0AFA0635CF}.Debug|Any CPU.ActiveCfg = Debug|Any CPU
		{88830283-2E32-4ED1-A2B3-FD0AFA0635CF}.Debug|Any CPU.Build.0 = Debug|Any CPU
		{88830283-2E32-4ED1-A2B3-FD0AFA0635CF}.Release|Any CPU.ActiveCfg = Release|Any CPU
		{88830283-2E32-4ED1-A2B3-FD0AFA0635CF}.Release|Any CPU.Build.0 = Release|Any CPU
	EndGlobalSection
	GlobalSection(SolutionProperties) = preSolution
		HideSolutionNode = FALSE
	EndGlobalSection
	GlobalSection(ExtensibilityGlobals) = postSolution
		SolutionGuid = {44982C6D-0BCB-4ADA-863A-056DAC9FF5BA}
	EndGlobalSection
EndGlobal
